<Solution>
  <Folder Name="/eng/">
    <Project Path="eng/DotNetAxi.AgentSkillGenerator/DotNetAxi.AgentSkillGenerator.csproj" />
  </Folder>
  <Folder Name="/src/">
    <Project Path="src/DotNetAxi.Analysis/DotNetAxi.Analysis.csproj" />
    <Project Path="src/DotNetAxi.Axi/DotNetAxi.Axi.csproj" />
    <Project Path="src/DotNetAxi.Changes/DotNetAxi.Changes.csproj" />
    <Project Path="src/DotNetAxi.Cli/DotNetAxi.Cli.csproj" />
    <Project Path="src/DotNetAxi.Contracts/DotNetAxi.Contracts.csproj" />
    <Project Path="src/DotNetAxi.DotNet/DotNetAxi.DotNet.csproj" />
    <Project Path="src/DotNetAxi.Graph/DotNetAxi.Graph.csproj" />
    <Project Path="src/DotNetAxi.Roslyn/DotNetAxi.Roslyn.csproj" />
    <Project Path="src/DotNetAxi.Search/DotNetAxi.Search.csproj" />
    <Project Path="src/DotNetAxi.Structural/DotNetAxi.Structural.csproj" />
    <Project Path="src/DotNetAxi.Validation/DotNetAxi.Validation.csproj" />
    <Project Path="src/DotNetAxi.Workspaces/DotNetAxi.Workspaces.csproj" />
  </Folder>
  <Folder Name="/tests/">
    <Project Path="tests/DotNetAxi.Analysis.Tests/DotNetAxi.Analysis.Tests.csproj" />
    <Project Path="tests/DotNetAxi.CodexSmoke/DotNetAxi.CodexSmoke.csproj" />
    <Project Path="tests/DotNetAxi.Cli.TestApp/DotNetAxi.Cli.TestApp.csproj" />
    <Project Path="tests/DotNetAxi.Cli.Tests/DotNetAxi.Cli.Tests.csproj" />
    <Project Path="tests/DotNetAxi.Contracts.Tests/DotNetAxi.Contracts.Tests.csproj" />
    <Project Path="tests/DotNetAxi.DotNet.ProcessTestApp/DotNetAxi.DotNet.ProcessTestApp.csproj" />
    <Project Path="tests/DotNetAxi.DotNet.Tests/DotNetAxi.DotNet.Tests.csproj" />
    <Project Path="tests/DotNetAxi.Search.Tests/DotNetAxi.Search.Tests.csproj" />
    <Project Path="tests/DotNetAxi.Structural.Tests/DotNetAxi.Structural.Tests.csproj" />
    <Project Path="tests/DotNetAxi.Testing/DotNetAxi.Testing.csproj" />
    <Project Path="tests/DotNetAxi.Testing.Tests/DotNetAxi.Testing.Tests.csproj" />
    <Project Path="tests/DotNetAxi.Validation.Tests/DotNetAxi.Validation.Tests.csproj" />
    <Project Path="tests/DotNetAxi.Workspaces.Tests/DotNetAxi.Workspaces.Tests.csproj" />
  </Folder>
</Solution>
